
Microsoft Visual Studio Solution File, Format Version 12.00
# Visual Studio Version 17
VisualStudioVersion = 17.0.32630.193
MinimumVisualStudioVersion = 10.0.40219.1
Project("{FAE04EC0-301F-11D3-BF4B-00C04F79EFBC}") = "Магазин техники", "Магазин техники\Магазин техники.csproj", "{C5E8F533-F7C1-48B7-826D-1E9F194941DD}"
EndProject
Global
	GlobalSection(SolutionConfigurationPlatforms) = preSolution
		Debug|Any CPU = Debug|Any CPU
		Release|Any CPU = Release|Any CPU
	EndGlobalSection
	GlobalSection(ProjectConfigurationPlatforms) = postSolution
		{C5E8F533-F7C1-48B7-826D-1E9F194941DD}.Debug|Any CPU.ActiveCfg = Debug|Any CPU
		{C5E8F533-F7C1-48B7-826D-1E9F194941DD}.Debug|Any CPU.Build.0 = Debug|Any CPU
		{C5E8F533-F7C1-48B7-826D-1E9F194941DD}.Release|Any CPU.ActiveCfg = Release|Any CPU
		{C5E8F533-F7C1-48B7-826D-1E9F194941DD}.Release|Any CPU.Build.0 = Release|Any CPU
	EndGlobalSection
	GlobalSection(SolutionProperties) = preSolution
		HideSolutionNode = FALSE
	EndGlobalSection
	GlobalSection(ExtensibilityGlobals) = postSolution
		SolutionGuid = {6C8D48A3-77B3-439B-B90A-746A9D20451C}
	EndGlobalSection
EndGlobal
